Microsoft Visual Studio Solution File, Format Version 12.00
# Visual Studio 15
Project("{8BC9CEB8-8B4A-11D0-8D11-00A0C91BC942}") = "ALL_BUILD", "ALL_BUILD.vcxproj", "{9C2CF3E6-8FEF-3CAA-B9AB-266BFBFFB47C}"
	ProjectSection(ProjectDependencies) = postProject
		{B84B8186-9FE3-36D9-80AF-306A3768C744} = {B84B8186-9FE3-36D9-80AF-306A3768C744}
		{611CE531-5712-34DA-91F0-322294DB33F2} = {611CE531-5712-34DA-91F0-322294DB33F2}
	EndProjectSection
EndProject
Project("{8BC9CEB8-8B4A-11D0-8D11-00A0C91BC942}") = "ZERO_CHECK", "ZERO_CHECK.vcxproj", "{B84B8186-9FE3-36D9-80AF-306A3768C744}"
	ProjectSection(ProjectDependencies) = postProject
	EndProjectSection
EndProject
Project("{8BC9CEB8-8B4A-11D0-8D11-00A0C91BC942}") = "project3", "project3.vcxproj", "{611CE531-5712-34DA-91F0-322294DB33F2}"
	ProjectSection(ProjectDependencies) = postProject
		{B84B8186-9FE3-36D9-80AF-306A3768C744} = {B84B8186-9FE3-36D9-80AF-306A3768C744}
	EndProjectSection
EndProject
Global
	GlobalSection(SolutionConfigurationPlatforms) = preSolution
		Debug|Win32 = Debug|Win32
		Release|Win32 = Release|Win32
		MinSizeRel|Win32 = MinSizeRel|Win32
		RelWithDebInfo|Win32 = RelWithDebInfo|Win32
	EndGlobalSection
	GlobalSection(ProjectConfigurationPlatforms) = postSolution
		{9C2CF3E6-8FEF-3CAA-B9AB-266BFBFFB47C}.Debug|Win32.ActiveCfg = Debug|Win32
		{9C2CF3E6-8FEF-3CAA-B9AB-266BFBFFB47C}.Release|Win32.ActiveCfg = Release|Win32
		{9C2CF3E6-8FEF-3CAA-B9AB-266BFBFFB47C}.MinSizeRel|Win32.ActiveCfg = MinSizeRel|Win32
		{9C2CF3E6-8FEF-3CAA-B9AB-266BFBFFB47C}.RelWithDebInfo|Win32.ActiveCfg = RelWithDebInfo|Win32
		{B84B8186-9FE3-36D9-80AF-306A3768C744}.Debug|Win32.ActiveCfg = Debug|Win32
		{B84B8186-9FE3-36D9-80AF-306A3768C744}.Debug|Win32.Build.0 = Debug|Win32
		{B84B8186-9FE3-36D9-80AF-306A3768C744}.Release|Win32.ActiveCfg = Release|Win32
		{B84B8186-9FE3-36D9-80AF-306A3768C744}.Release|Win32.Build.0 = Release|Win32
		{B84B8186-9FE3-36D9-80AF-306A3768C744}.MinSizeRel|Win32.ActiveCfg = MinSizeRel|Win32
		{B84B8186-9FE3-36D9-80AF-306A3768C744}.MinSizeRel|Win32.Build.0 = MinSizeRel|Win32
		{B84B8186-9FE3-36D9-80AF-306A3768C744}.RelWithDebInfo|Win32.ActiveCfg = RelWithDebInfo|Win32
		{B84B8186-9FE3-36D9-80AF-306A3768C744}.RelWithDebInfo|Win32.Build.0 = RelWithDebInfo|Win32
		{611CE531-5712-34DA-91F0-322294DB33F2}.Debug|Win32.ActiveCfg = Debug|Win32
		{611CE531-5712-34DA-91F0-322294DB33F2}.Debug|Win32.Build.0 = Debug|Win32
		{611CE531-5712-34DA-91F0-322294DB33F2}.Release|Win32.ActiveCfg = Release|Win32
		{611CE531-5712-34DA-91F0-322294DB33F2}.Release|Win32.Build.0 = Release|Win32
		{611CE531-5712-34DA-91F0-322294DB33F2}.MinSizeRel|Win32.ActiveCfg = MinSizeRel|Win32
		{611CE531-5712-34DA-91F0-322294DB33F2}.MinSizeRel|Win32.Build.0 = MinSizeRel|Win32
		{611CE531-5712-34DA-91F0-322294DB33F2}.RelWithDebInfo|Win32.ActiveCfg = RelWithDebInfo|Win32
		{611CE531-5712-34DA-91F0-322294DB33F2}.RelWithDebInfo|Win32.Build.0 = RelWithDebInfo|Win32
	EndGlobalSection
	GlobalSection(ExtensibilityGlobals) = postSolution
		SolutionGuid = {46485073-255F-376A-BE26-C8161D11CB5E}
	EndGlobalSection
	GlobalSection(ExtensibilityAddIns) = postSolution
	EndGlobalSection
EndGlobal
