<?xml version="1.0" encoding="utf-8"?>
<Project ToolsVersion="15.0" xmlns="http://schemas.microsoft.com/developer/msbuild/2003">
  <ItemGroup>
    <CustomBuild Include="D:\PDFLibrary\CMPE250\CMPE250GitHubClassroom\cmpe250-project3-oztasozgurcan-master-old\CMakeFiles\3c6f2054ae58216a987fb15641d93268\generate.stamp.rule">
      <Filter>CMake Rules</Filter>
    </CustomBuild>
  </ItemGroup>
  <ItemGroup>
    <Filter Include="CMake Rules">
      <UniqueIdentifier>{319BE6BE-0254-3085-9214-307506E5BCCF}</UniqueIdentifier>
    </Filter>
  </ItemGroup>
</Project>
